
Microsoft Visual Studio Solution File, Format Version 12.00
# Visual Studio Version 17
VisualStudioVersion = 17.9.34616.47
MinimumVisualStudioVersion = 10.0.40219.1
Project("{FAE04EC0-301F-11D3-BF4B-00C04F79EFBC}") = "ImageOptimizer", "ImageOptimizer.csproj", "{110FDE95-129F-4D19-8AD6-D55D617C4FB2}"
EndProject
Global
	GlobalSection(SolutionConfigurationPlatforms) = preSolution
		Debug|Any CPU = Debug|Any CPU
		Release|Any CPU = Release|Any CPU
	EndGlobalSection
	GlobalSection(ProjectConfigurationPlatforms) = postSolution
		{110FDE95-129F-4D19-8AD6-D55D617C4FB2}.Debug|Any CPU.ActiveCfg = Debug|Any CPU
		{110FDE95-129F-4D19-8AD6-D55D617C4FB2}.Debug|Any CPU.Build.0 = Debug|Any CPU
		{110FDE95-129F-4D19-8AD6-D55D617C4FB2}.Release|Any CPU.ActiveCfg = Release|Any CPU
		{110FDE95-129F-4D19-8AD6-D55D617C4FB2}.Release|Any CPU.Build.0 = Release|Any CPU
	EndGlobalSection
	GlobalSection(SolutionProperties) = preSolution
		HideSolutionNode = FALSE
	EndGlobalSection
	GlobalSection(ExtensibilityGlobals) = postSolution
		SolutionGuid = {4FA8F196-1CD4-45A4-B7E1-B0D34AF2513E}
	EndGlobalSection
EndGlobal
